
Microsoft Visual Studio Solution File, Format Version 12.00
# Visual Studio Version 16
VisualStudioVersion = 16.0.30225.117
MinimumVisualStudioVersion = 10.0.40219.1
Project("{F184B08F-C81C-45F6-A57F-5ABD9991F28F}") = "AdminApp", "AdminApp\AdminApp.vbproj", "{72F547A4-B7AD-4B98-873C-562BB6DD1EB1}"
EndProject
Project("{F184B08F-C81C-45F6-A57F-5ABD9991F28F}") = "Logic", "Logica\Logic.vbproj", "{88D516F3-65B2-4627-BA85-47EBA9843E5D}"
EndProject
Project("{F184B08F-C81C-45F6-A57F-5ABD9991F28F}") = "Persistencia", "Persistencia\Persistencia.vbproj", "{5430BBFA-D1A1-45F2-8C79-764E90D30510}"
EndProject
Project("{F184B08F-C81C-45F6-A57F-5ABD9991F28F}") = "Data", "Data\Data.vbproj", "{B5EE54EF-54BF-45F3-B6A1-4BC72046BBBF}"
EndProject
Project("{F184B08F-C81C-45F6-A57F-5ABD9991F28F}") = "PatientApp", "PatientApp\PatientApp.vbproj", "{015F1C42-A980-43A3-8201-1C7D800EFED4}"
EndProject
Global
	GlobalSection(SolutionConfigurationPlatforms) = preSolution
		Debug|Any CPU = Debug|Any CPU
		Release|Any CPU = Release|Any CPU
	EndGlobalSection
	GlobalSection(ProjectConfigurationPlatforms) = postSolution
		{72F547A4-B7AD-4B98-873C-562BB6DD1EB1}.Debug|Any CPU.ActiveCfg = Debug|Any CPU
		{72F547A4-B7AD-4B98-873C-562BB6DD1EB1}.Debug|Any CPU.Build.0 = Debug|Any CPU
		{72F547A4-B7AD-4B98-873C-562BB6DD1EB1}.Release|Any CPU.ActiveCfg = Release|Any CPU
		{72F547A4-B7AD-4B98-873C-562BB6DD1EB1}.Release|Any CPU.Build.0 = Release|Any CPU
		{88D516F3-65B2-4627-BA85-47EBA9843E5D}.Debug|Any CPU.ActiveCfg = Debug|Any CPU
		{88D516F3-65B2-4627-BA85-47EBA9843E5D}.Debug|Any CPU.Build.0 = Debug|Any CPU
		{88D516F3-65B2-4627-BA85-47EBA9843E5D}.Release|Any CPU.ActiveCfg = Release|Any CPU
		{88D516F3-65B2-4627-BA85-47EBA9843E5D}.Release|Any CPU.Build.0 = Release|Any CPU
		{5430BBFA-D1A1-45F2-8C79-764E90D30510}.Debug|Any CPU.ActiveCfg = Debug|Any CPU
		{5430BBFA-D1A1-45F2-8C79-764E90D30510}.Debug|Any CPU.Build.0 = Debug|Any CPU
		{5430BBFA-D1A1-45F2-8C79-764E90D30510}.Release|Any CPU.ActiveCfg = Release|Any CPU
		{5430BBFA-D1A1-45F2-8C79-764E90D30510}.Release|Any CPU.Build.0 = Release|Any CPU
		{B5EE54EF-54BF-45F3-B6A1-4BC72046BBBF}.Debug|Any CPU.ActiveCfg = Debug|Any CPU
		{B5EE54EF-54BF-45F3-B6A1-4BC72046BBBF}.Debug|Any CPU.Build.0 = Debug|Any CPU
		{B5EE54EF-54BF-45F3-B6A1-4BC72046BBBF}.Release|Any CPU.ActiveCfg = Release|Any CPU
		{B5EE54EF-54BF-45F3-B6A1-4BC72046BBBF}.Release|Any CPU.Build.0 = Release|Any CPU
		{015F1C42-A980-43A3-8201-1C7D800EFED4}.Debug|Any CPU.ActiveCfg = Debug|Any CPU
		{015F1C42-A980-43A3-8201-1C7D800EFED4}.Debug|Any CPU.Build.0 = Debug|Any CPU
		{015F1C42-A980-43A3-8201-1C7D800EFED4}.Release|Any CPU.ActiveCfg = Release|Any CPU
		{015F1C42-A980-43A3-8201-1C7D800EFED4}.Release|Any CPU.Build.0 = Release|Any CPU
	EndGlobalSection
	GlobalSection(SolutionProperties) = preSolution
		HideSolutionNode = FALSE
	EndGlobalSection
	GlobalSection(ExtensibilityGlobals) = postSolution
		SolutionGuid = {8AF7C5C5-067B-476F-B348-A3C52A2E51FE}
	EndGlobalSection
EndGlobal
